{
  "name": "@flowjs/ngx-flow",
  "version": "0.5.0",
  "lockfileVersion": 2,
  "requires": true,
  "packages": {
    "": {
      "name": "@flowjs/ngx-flow",
      "version": "0.5.0",
      "license": "MIT",
      "dependencies": {
        "tslib": "^2.2.0"
      },
      "devDependencies": {
        "@types/flowjs": "2.13.3"
      },
      "peerDependencies": {
        "@angular/common": "^14.0.0-",
        "@angular/core": "^14.0.0-",
        "@flowjs/flow.js": "^2.13.0"
      }
    },
    "node_modules/@angular/common": {
      "version": "14.0.5",
      "resolved": "https://registry.npmjs.org/@angular/common/-/common-14.0.5.tgz",
      "integrity": "sha512-YFRPxx3yRLjk0gPL7tm/97mi8+Pjt3q6zWCjrLkAlDjniDvgmKNWIQ1h6crZQR0Cw7yNqK0QoFXQgTw0GJIWLQ==",
      "peer": true,
      "dependencies": {
        "tslib": "^2.3.0"
      },
      "engines": {
        "node": "^14.15.0 || >=16.10.0"
      },
      "peerDependencies": {
        "@angular/core": "14.0.5",
        "rxjs": "^6.5.3 || ^7.4.0"
      }
    },
    "node_modules/@angular/core": {
      "version": "14.0.5",
      "resolved": "https://registry.npmjs.org/@angular/core/-/core-14.0.5.tgz",
      "integrity": "sha512-4MIfFM2nD+N0/Dk8xKfKvbdS/zYRhQgdnKT6ZIIV7Y/XCfn5QAIa4+vB5BEAZpuzSsZHLVdBQQ0TkaiONLfL2Q==",
      "peer": true,
      "dependencies": {
        "tslib": "^2.3.0"
      },
      "engines": {
        "node": "^14.15.0 || >=16.10.0"
      },
      "peerDependencies": {
        "rxjs": "^6.5.3 || ^7.4.0",
        "zone.js": "~0.11.4"
      }
    },
    "node_modules/@flowjs/flow.js": {
      "version": "2.14.1",
      "resolved": "https://registry.npmjs.org/@flowjs/flow.js/-/flow.js-2.14.1.tgz",
      "integrity": "sha512-99DWlPnksOOS8uHfo+bhSjvs8d2MfLTB/22JBDC2ONwz/OCdP+gL/iiM4puMSTE2wH4A2/+J0eMc7pKwusXunw==",
      "peer": true
    },
    "node_modules/@types/flowjs": {
      "version": "2.13.3",
      "resolved": "https://registry.npmjs.org/@types/flowjs/-/flowjs-2.13.3.tgz",
      "integrity": "sha512-VeWuL+Whk6lUSWX/g0LzLNyZywyTB5wZ2L6mPvD8/u5pgLF2HwyV7nZ1UArOifalJ5UE1CcJbPLKS+jc5+Z2ig==",
      "dev": true
    },
    "node_modules/rxjs": {
      "version": "7.5.5",
      "resolved": "https://registry.npmjs.org/rxjs/-/rxjs-7.5.5.tgz",
      "integrity": "sha512-sy+H0pQofO95VDmFLzyaw9xNJU4KTRSwQIGM6+iG3SypAtCiLDzpeG8sJrNCWn2Up9km+KhkvTdbkrdy+yzZdw==",
      "peer": true,
      "dependencies": {
        "tslib": "^2.1.0"
      }
    },
    "node_modules/tslib": {
      "version": "2.4.0",
      "resolved": "https://registry.npmjs.org/tslib/-/tslib-2.4.0.tgz",
      "integrity": "sha512-d6xOpEDfsi2CZVlPQzGeux8XMwLT9hssAsaPYExaQMuYskwb+x1x7J371tWlbBdWHroy99KnVB6qIkUbs5X3UQ=="
    },
    "node_modules/zone.js": {
      "version": "0.11.6",
      "resolved": "https://registry.npmjs.org/zone.js/-/zone.js-0.11.6.tgz",
      "integrity": "sha512-umJqFtKyZlPli669gB1gOrRE9hxUUGkZr7mo878z+NEBJZZixJkKeVYfnoLa7g25SseUDc92OZrMKKHySyJrFg==",
      "peer": true,
      "dependencies": {
        "tslib": "^2.3.0"
      }
    }
  },
  "dependencies": {
    "@angular/common": {
      "version": "14.0.5",
      "resolved": "https://registry.npmjs.org/@angular/common/-/common-14.0.5.tgz",
      "integrity": "sha512-YFRPxx3yRLjk0gPL7tm/97mi8+Pjt3q6zWCjrLkAlDjniDvgmKNWIQ1h6crZQR0Cw7yNqK0QoFXQgTw0GJIWLQ==",
      "peer": true,
      "requires": {
        "tslib": "^2.3.0"
      }
    },
    "@angular/core": {
      "version": "14.0.5",
      "resolved": "https://registry.npmjs.org/@angular/core/-/core-14.0.5.tgz",
      "integrity": "sha512-4MIfFM2nD+N0/Dk8xKfKvbdS/zYRhQgdnKT6ZIIV7Y/XCfn5QAIa4+vB5BEAZpuzSsZHLVdBQQ0TkaiONLfL2Q==",
      "peer": true,
      "requires": {
        "tslib": "^2.3.0"
      }
    },
    "@flowjs/flow.js": {
      "version": "2.14.1",
      "resolved": "https://registry.npmjs.org/@flowjs/flow.js/-/flow.js-2.14.1.tgz",
      "integrity": "sha512-99DWlPnksOOS8uHfo+bhSjvs8d2MfLTB/22JBDC2ONwz/OCdP+gL/iiM4puMSTE2wH4A2/+J0eMc7pKwusXunw==",
      "peer": true
    },
    "@types/flowjs": {
      "version": "2.13.3",
      "resolved": "https://registry.npmjs.org/@types/flowjs/-/flowjs-2.13.3.tgz",
      "integrity": "sha512-VeWuL+Whk6lUSWX/g0LzLNyZywyTB5wZ2L6mPvD8/u5pgLF2HwyV7nZ1UArOifalJ5UE1CcJbPLKS+jc5+Z2ig==",
      "dev": true
    },
    "rxjs": {
      "version": "7.5.5",
      "resolved": "https://registry.npmjs.org/rxjs/-/rxjs-7.5.5.tgz",
      "integrity": "sha512-sy+H0pQofO95VDmFLzyaw9xNJU4KTRSwQIGM6+iG3SypAtCiLDzpeG8sJrNCWn2Up9km+KhkvTdbkrdy+yzZdw==",
      "peer": true,
      "requires": {
        "tslib": "^2.1.0"
      }
    },
    "tslib": {
      "version": "2.4.0",
      "resolved": "https://registry.npmjs.org/tslib/-/tslib-2.4.0.tgz",
      "integrity": "sha512-d6xOpEDfsi2CZVlPQzGeux8XMwLT9hssAsaPYExaQMuYskwb+x1x7J371tWlbBdWHroy99KnVB6qIkUbs5X3UQ=="
    },
    "zone.js": {
      "version": "0.11.6",
      "resolved": "https://registry.npmjs.org/zone.js/-/zone.js-0.11.6.tgz",
      "integrity": "sha512-umJqFtKyZlPli669gB1gOrRE9hxUUGkZr7mo878z+NEBJZZixJkKeVYfnoLa7g25SseUDc92OZrMKKHySyJrFg==",
      "peer": true,
      "requires": {
        "tslib": "^2.3.0"
      }
    }
  }
}
