{
  "name": "@flowjs/ngx-flow",
  "version": "0.4.4",
  "lockfileVersion": 1,
  "requires": true,
  "dependencies": {
    "@types/flowjs": {
      "version": "2.13.3",
      "resolved": "https://registry.npmjs.org/@types/flowjs/-/flowjs-2.13.3.tgz",
      "integrity": "sha512-VeWuL+Whk6lUSWX/g0LzLNyZywyTB5wZ2L6mPvD8/u5pgLF2HwyV7nZ1UArOifalJ5UE1CcJbPLKS+jc5+Z2ig=="
    }
  }
}
